
Microsoft Visual Studio Solution File, Format Version 12.00
# Visual Studio Version 17
VisualStudioVersion = 17.8.34330.188
MinimumVisualStudioVersion = 10.0.40219.1
Project("{9A19103F-16F7-4668-BE54-9A1E7A4F7556}") = "EMWeb", "EMWeb\EMWeb.csproj", "{25C86539-8ED0-4A55-8DBF-129468E944FC}"
	ProjectSection(ProjectDependencies) = postProject
		{3E41012E-3F10-4798-A440-9D68EF14F181} = {3E41012E-3F10-4798-A440-9D68EF14F181}
		{8AD8B390-7869-4673-B3C5-86597689DE4D} = {8AD8B390-7869-4673-B3C5-86597689DE4D}
	EndProjectSection
EndProject
Project("{FAE04EC0-301F-11D3-BF4B-00C04F79EFBC}") = "EMDomain", "..\EMDomain\EMDomain.csproj", "{3E41012E-3F10-4798-A440-9D68EF14F181}"
EndProject
Project("{FAE04EC0-301F-11D3-BF4B-00C04F79EFBC}") = "EMRepository", "..\EMRepository\EMRepository.csproj", "{8AD8B390-7869-4673-B3C5-86597689DE4D}"
EndProject
Global
	GlobalSection(SolutionConfigurationPlatforms) = preSolution
		Debug|Any CPU = Debug|Any CPU
		Release|Any CPU = Release|Any CPU
	EndGlobalSection
	GlobalSection(ProjectConfigurationPlatforms) = postSolution
		{25C86539-8ED0-4A55-8DBF-129468E944FC}.Debug|Any CPU.ActiveCfg = Debug|Any CPU
		{25C86539-8ED0-4A55-8DBF-129468E944FC}.Debug|Any CPU.Build.0 = Debug|Any CPU
		{25C86539-8ED0-4A55-8DBF-129468E944FC}.Release|Any CPU.ActiveCfg = Release|Any CPU
		{25C86539-8ED0-4A55-8DBF-129468E944FC}.Release|Any CPU.Build.0 = Release|Any CPU
		{3E41012E-3F10-4798-A440-9D68EF14F181}.Debug|Any CPU.ActiveCfg = Debug|Any CPU
		{3E41012E-3F10-4798-A440-9D68EF14F181}.Debug|Any CPU.Build.0 = Debug|Any CPU
		{3E41012E-3F10-4798-A440-9D68EF14F181}.Release|Any CPU.ActiveCfg = Release|Any CPU
		{3E41012E-3F10-4798-A440-9D68EF14F181}.Release|Any CPU.Build.0 = Release|Any CPU
		{8AD8B390-7869-4673-B3C5-86597689DE4D}.Debug|Any CPU.ActiveCfg = Debug|Any CPU
		{8AD8B390-7869-4673-B3C5-86597689DE4D}.Debug|Any CPU.Build.0 = Debug|Any CPU
		{8AD8B390-7869-4673-B3C5-86597689DE4D}.Release|Any CPU.ActiveCfg = Release|Any CPU
		{8AD8B390-7869-4673-B3C5-86597689DE4D}.Release|Any CPU.Build.0 = Release|Any CPU
	EndGlobalSection
	GlobalSection(SolutionProperties) = preSolution
		HideSolutionNode = FALSE
	EndGlobalSection
	GlobalSection(ExtensibilityGlobals) = postSolution
		SolutionGuid = {C6977776-A0F3-4A02-BCD1-84DB67AD353E}
	EndGlobalSection
EndGlobal
